
Microsoft Visual Studio Solution File, Format Version 12.00
# Visual Studio 2013
VisualStudioVersion = 12.0.21005.1
MinimumVisualStudioVersion = 10.0.40219.1
Project("{FAE04EC0-301F-11D3-BF4B-00C04F79EFBC}") = "NonAsciiCharacterConversion", "NonAsciiCharacterConversion\NonAsciiCharacterConversion.csproj", "{A11BFAA5-8E9E-48F1-ACEC-402A0E59C76C}"
EndProject
Project("{FAE04EC0-301F-11D3-BF4B-00C04F79EFBC}") = "OpenFAST", "..\openfastdotnet-code-93-trunk\openfastdotnet-code-93-trunk\OpenFast\OpenFAST.csproj", "{B41B3B40-8E14-45EC-BC3A-311BC8C1C20E}"
EndProject
Global
	GlobalSection(SolutionConfigurationPlatforms) = preSolution
		Debug|Any CPU = Debug|Any CPU
		Release|Any CPU = Release|Any CPU
	EndGlobalSection
	GlobalSection(ProjectConfigurationPlatforms) = postSolution
		{A11BFAA5-8E9E-48F1-ACEC-402A0E59C76C}.Debug|Any CPU.ActiveCfg = Debug|Any CPU
		{A11BFAA5-8E9E-48F1-ACEC-402A0E59C76C}.Debug|Any CPU.Build.0 = Debug|Any CPU
		{A11BFAA5-8E9E-48F1-ACEC-402A0E59C76C}.Release|Any CPU.ActiveCfg = Release|Any CPU
		{A11BFAA5-8E9E-48F1-ACEC-402A0E59C76C}.Release|Any CPU.Build.0 = Release|Any CPU
		{B41B3B40-8E14-45EC-BC3A-311BC8C1C20E}.Debug|Any CPU.ActiveCfg = Debug|Any CPU
		{B41B3B40-8E14-45EC-BC3A-311BC8C1C20E}.Debug|Any CPU.Build.0 = Debug|Any CPU
		{B41B3B40-8E14-45EC-BC3A-311BC8C1C20E}.Release|Any CPU.ActiveCfg = Release|Any CPU
		{B41B3B40-8E14-45EC-BC3A-311BC8C1C20E}.Release|Any CPU.Build.0 = Release|Any CPU
	EndGlobalSection
	GlobalSection(SolutionProperties) = preSolution
		HideSolutionNode = FALSE
	EndGlobalSection
EndGlobal
